
Microsoft Visual Studio Solution File, Format Version 12.00
# Visual Studio Version 17
VisualStudioVersion = 17.9.34723.18
MinimumVisualStudioVersion = 10.0.40219.1
Project("{FAE04EC0-301F-11D3-BF4B-00C04F79EFBC}") = "ganin_rpm", "ganin_rpm\ganin_rpm.csproj", "{EC6E12CA-0C0F-45D3-8C6F-355EC05E1AC7}"
EndProject
Global
	GlobalSection(SolutionConfigurationPlatforms) = preSolution
		Debug|Any CPU = Debug|Any CPU
		Release|Any CPU = Release|Any CPU
	EndGlobalSection
	GlobalSection(ProjectConfigurationPlatforms) = postSolution
		{EC6E12CA-0C0F-45D3-8C6F-355EC05E1AC7}.Debug|Any CPU.ActiveCfg = Debug|Any CPU
		{EC6E12CA-0C0F-45D3-8C6F-355EC05E1AC7}.Debug|Any CPU.Build.0 = Debug|Any CPU
		{EC6E12CA-0C0F-45D3-8C6F-355EC05E1AC7}.Release|Any CPU.ActiveCfg = Release|Any CPU
		{EC6E12CA-0C0F-45D3-8C6F-355EC05E1AC7}.Release|Any CPU.Build.0 = Release|Any CPU
	EndGlobalSection
	GlobalSection(SolutionProperties) = preSolution
		HideSolutionNode = FALSE
	EndGlobalSection
	GlobalSection(ExtensibilityGlobals) = postSolution
		SolutionGuid = {2495DB3A-848F-4EE5-BF0A-4D7D125C4A42}
	EndGlobalSection
EndGlobal
